// !$*UTF8*$!
{
	archiveVersion = 1;
	classes = {
	};
	objectVersion = 46;
	objects = {

/* Begin PBXBuildFile section */
		C20C2CE51350B71E001E22FB /* libhive_viriatum_commons.a in Frameworks */ = {isa = PBXBuildFile; fileRef = C20C2CE41350B71E001E22FB /* libhive_viriatum_commons.a */; };
		C24EF47F15820F7400FAE3A0 /* stream_httpc.c in Sources */ = {isa = PBXBuildFile; fileRef = C24EF47B15820F7400FAE3A0 /* stream_httpc.c */; };
		C24EF48015820F7400FAE3A0 /* stream_httpc.c in Sources */ = {isa = PBXBuildFile; fileRef = C24EF47B15820F7400FAE3A0 /* stream_httpc.c */; };
		C24EF48115820F7400FAE3A0 /* stream_torrent.c in Sources */ = {isa = PBXBuildFile; fileRef = C24EF47D15820F7400FAE3A0 /* stream_torrent.c */; };
		C24EF48215820F7400FAE3A0 /* stream_torrent.c in Sources */ = {isa = PBXBuildFile; fileRef = C24EF47D15820F7400FAE3A0 /* stream_torrent.c */; };
		C2565F7E149C556900722EFA /* UIKit.framework in Frameworks */ = {isa = PBXBuildFile; fileRef = C2565F7D149C556900722EFA /* UIKit.framework */; };
		C2565F80149C556A00722EFA /* Foundation.framework in Frameworks */ = {isa = PBXBuildFile; fileRef = C2565F7F149C556A00722EFA /* Foundation.framework */; };
		C2565F82149C556A00722EFA /* CoreGraphics.framework in Frameworks */ = {isa = PBXBuildFile; fileRef = C2565F81149C556A00722EFA /* CoreGraphics.framework */; };
		C2565FCB149C56C300722EFA /* libhive_viriatum_commons_mobile.a in Frameworks */ = {isa = PBXBuildFile; fileRef = C2565FCA149C56C300722EFA /* libhive_viriatum_commons_mobile.a */; };
		C2565FD3149C56E900722EFA /* viriatum.c in Sources */ = {isa = PBXBuildFile; fileRef = C27406C51350BE2B0050EEAF /* viriatum.c */; };
		C2565FD4149C56E900722EFA /* stdafx.c in Sources */ = {isa = PBXBuildFile; fileRef = C27406B91350BE2B0050EEAF /* stdafx.c */; };
		C27406CA1350BE2B0050EEAF /* stdafx.c in Sources */ = {isa = PBXBuildFile; fileRef = C27406B91350BE2B0050EEAF /* stdafx.c */; };
		C27406CE1350BE2B0050EEAF /* viriatum.c in Sources */ = {isa = PBXBuildFile; fileRef = C27406C51350BE2B0050EEAF /* viriatum.c */; };
		C295DF9C155BCAD600036037 /* handler_default.c in Sources */ = {isa = PBXBuildFile; fileRef = C295DF67155BCAD600036037 /* handler_default.c */; };
		C295DF9D155BCAD600036037 /* handler_default.c in Sources */ = {isa = PBXBuildFile; fileRef = C295DF67155BCAD600036037 /* handler_default.c */; };
		C295DF9E155BCAD600036037 /* handler_dispatch.c in Sources */ = {isa = PBXBuildFile; fileRef = C295DF69155BCAD600036037 /* handler_dispatch.c */; };
		C295DF9F155BCAD600036037 /* handler_dispatch.c in Sources */ = {isa = PBXBuildFile; fileRef = C295DF69155BCAD600036037 /* handler_dispatch.c */; };
		C295DFA0155BCAD600036037 /* handler_file.c in Sources */ = {isa = PBXBuildFile; fileRef = C295DF6B155BCAD600036037 /* handler_file.c */; };
		C295DFA1155BCAD600036037 /* handler_file.c in Sources */ = {isa = PBXBuildFile; fileRef = C295DF6B155BCAD600036037 /* handler_file.c */; };
		C295DFA2155BCAD600036037 /* http_parser.c in Sources */ = {isa = PBXBuildFile; fileRef = C295DF70155BCAD600036037 /* http_parser.c */; };
		C295DFA3155BCAD600036037 /* http_parser.c in Sources */ = {isa = PBXBuildFile; fileRef = C295DF70155BCAD600036037 /* http_parser.c */; };
		C295DFA4155BCAD600036037 /* http_request.c in Sources */ = {isa = PBXBuildFile; fileRef = C295DF72155BCAD600036037 /* http_request.c */; };
		C295DFA5155BCAD600036037 /* http_request.c in Sources */ = {isa = PBXBuildFile; fileRef = C295DF72155BCAD600036037 /* http_request.c */; };
		C295DFA8155BCAD600036037 /* info.c in Sources */ = {isa = PBXBuildFile; fileRef = C295DF79155BCAD600036037 /* info.c */; };
		C295DFA9155BCAD600036037 /* info.c in Sources */ = {isa = PBXBuildFile; fileRef = C295DF79155BCAD600036037 /* info.c */; };
		C295DFAA155BCAD600036037 /* jni_service.c in Sources */ = {isa = PBXBuildFile; fileRef = C295DF7C155BCAD600036037 /* jni_service.c */; };
		C295DFAB155BCAD600036037 /* jni_service.c in Sources */ = {isa = PBXBuildFile; fileRef = C295DF7C155BCAD600036037 /* jni_service.c */; };
		C295DFAC155BCAD600036037 /* start.c in Sources */ = {isa = PBXBuildFile; fileRef = C295DF7E155BCAD600036037 /* start.c */; };
		C295DFAD155BCAD600036037 /* start.c in Sources */ = {isa = PBXBuildFile; fileRef = C295DF7E155BCAD600036037 /* start.c */; };
		C295DFAE155BCAD600036037 /* loading.c in Sources */ = {isa = PBXBuildFile; fileRef = C295DF81155BCAD600036037 /* loading.c */; };
		C295DFAF155BCAD600036037 /* loading.c in Sources */ = {isa = PBXBuildFile; fileRef = C295DF81155BCAD600036037 /* loading.c */; };
		C295DFB0155BCAD600036037 /* polling_epoll.c in Sources */ = {isa = PBXBuildFile; fileRef = C295DF86155BCAD600036037 /* polling_epoll.c */; };
		C295DFB1155BCAD600036037 /* polling_epoll.c in Sources */ = {isa = PBXBuildFile; fileRef = C295DF86155BCAD600036037 /* polling_epoll.c */; };
		C295DFB2155BCAD600036037 /* polling_kqueue.c in Sources */ = {isa = PBXBuildFile; fileRef = C295DF88155BCAD600036037 /* polling_kqueue.c */; };
		C295DFB3155BCAD600036037 /* polling_kqueue.c in Sources */ = {isa = PBXBuildFile; fileRef = C295DF88155BCAD600036037 /* polling_kqueue.c */; };
		C295DFB4155BCAD600036037 /* polling_select.c in Sources */ = {isa = PBXBuildFile; fileRef = C295DF8A155BCAD600036037 /* polling_select.c */; };
		C295DFB5155BCAD600036037 /* polling_select.c in Sources */ = {isa = PBXBuildFile; fileRef = C295DF8A155BCAD600036037 /* polling_select.c */; };
		C295DFB6155BCAD600036037 /* stream_http.c in Sources */ = {isa = PBXBuildFile; fileRef = C295DF8E155BCAD600036037 /* stream_http.c */; };
		C295DFB7155BCAD600036037 /* stream_http.c in Sources */ = {isa = PBXBuildFile; fileRef = C295DF8E155BCAD600036037 /* stream_http.c */; };
		C295DFB8155BCAD600036037 /* stream_io.c in Sources */ = {isa = PBXBuildFile; fileRef = C295DF90155BCAD600036037 /* stream_io.c */; };
		C295DFB9155BCAD600036037 /* stream_io.c in Sources */ = {isa = PBXBuildFile; fileRef = C295DF90155BCAD600036037 /* stream_io.c */; };
		C295DFBA155BCAD600036037 /* environment.c in Sources */ = {isa = PBXBuildFile; fileRef = C295DF93155BCAD600036037 /* environment.c */; };
		C295DFBB155BCAD600036037 /* environment.c in Sources */ = {isa = PBXBuildFile; fileRef = C295DF93155BCAD600036037 /* environment.c */; };
		C295DFBC155BCAD600036037 /* service.c in Sources */ = {isa = PBXBuildFile; fileRef = C295DF95155BCAD600036037 /* service.c */; };
		C295DFBD155BCAD600036037 /* service.c in Sources */ = {isa = PBXBuildFile; fileRef = C295DF95155BCAD600036037 /* service.c */; };
		C295DFBE155BCAD600036037 /* simple_test.c in Sources */ = {isa = PBXBuildFile; fileRef = C295DF99155BCAD600036037 /* simple_test.c */; };
		C295DFBF155BCAD600036037 /* simple_test.c in Sources */ = {isa = PBXBuildFile; fileRef = C295DF99155BCAD600036037 /* simple_test.c */; };
		C2AF3C44149CC7E300D28507 /* InfoPlist.strings in Resources */ = {isa = PBXBuildFile; fileRef = C2AF3C37149CC7E300D28507 /* InfoPlist.strings */; };
		C2AF3C45149CC7E300D28507 /* MainWindow.xib in Resources */ = {isa = PBXBuildFile; fileRef = C2AF3C39149CC7E300D28507 /* MainWindow.xib */; };
		C2AF3C46149CC7E300D28507 /* RootViewController.xib in Resources */ = {isa = PBXBuildFile; fileRef = C2AF3C3B149CC7E300D28507 /* RootViewController.xib */; };
		C2AF3C47149CC7E300D28507 /* hive_viriatum_mobile-Info.plist in Resources */ = {isa = PBXBuildFile; fileRef = C2AF3C3D149CC7E300D28507 /* hive_viriatum_mobile-Info.plist */; };
		C2AF3C48149CC7E300D28507 /* hive_viriatum_mobileAppDelegate.m in Sources */ = {isa = PBXBuildFile; fileRef = C2AF3C40149CC7E300D28507 /* hive_viriatum_mobileAppDelegate.m */; };
		C2AF3C49149CC7E300D28507 /* main.m in Sources */ = {isa = PBXBuildFile; fileRef = C2AF3C41149CC7E300D28507 /* main.m */; };
		C2AF3C4A149CC7E300D28507 /* RootViewController.m in Sources */ = {isa = PBXBuildFile; fileRef = C2AF3C43149CC7E300D28507 /* RootViewController.m */; };
/* End PBXBuildFile section */

/* Begin PBXContainerItemProxy section */
		C20C2C781350B6AA001E22FB /* PBXContainerItemProxy */ = {
			isa = PBXContainerItemProxy;
			containerPortal = C20C2C741350B6A9001E22FB /* hive_viriatum_commons.xcodeproj */;
			proxyType = 2;
			remoteGlobalIDString = C20C2C6D1350B6A5001E22FB;
			remoteInfo = hive_viriatum_commons;
		};
		C2565FC9149C56C300722EFA /* PBXContainerItemProxy */ = {
			isa = PBXContainerItemProxy;
			containerPortal = C20C2C741350B6A9001E22FB /* hive_viriatum_commons.xcodeproj */;
			proxyType = 2;
			remoteGlobalIDString = C2565FA1149C55F300722EFA;
			remoteInfo = hive_viriatum_commons_mobile;
		};
/* End PBXContainerItemProxy section */

/* Begin PBXCopyFilesBuildPhase section */
		C20C2BBD1350B5D6001E22FB /* CopyFiles */ = {
			isa = PBXCopyFilesBuildPhase;
			buildActionMask = 2147483647;
			dstPath = /usr/share/man/man1/;
			dstSubfolderSpec = 0;
			files = (
			);
			runOnlyForDeploymentPostprocessing = 1;
		};
/* End PBXCopyFilesBuildPhase section */

/* Begin PBXFileReference section */
		C20C2BBF1350B5D7001E22FB /* hive_viriatum */ = {isa = PBXFileReference; explicitFileType = "compiled.mach-o.executable"; includeInIndex = 0; path = hive_viriatum; sourceTree = BUILT_PRODUCTS_DIR; };
		C20C2C741350B6A9001E22FB /* hive_viriatum_commons.xcodeproj */ = {isa = PBXFileReference; lastKnownFileType = "wrapper.pb-project"; name = hive_viriatum_commons.xcodeproj; path = ../hive_viriatum_commons/hive_viriatum_commons.xcodeproj; sourceTree = "<group>"; };
		C20C2CE41350B71E001E22FB /* libhive_viriatum_commons.a */ = {isa = PBXFileReference; explicitFileType = archive.ar; path = libhive_viriatum_commons.a; sourceTree = BUILT_PRODUCTS_DIR; };
		C24EF47B15820F7400FAE3A0 /* stream_httpc.c */ = {isa = PBXFileReference; fileEncoding = 4; lastKnownFileType = sourcecode.c.c; path = stream_httpc.c; sourceTree = "<group>"; };
		C24EF47C15820F7400FAE3A0 /* stream_httpc.h */ = {isa = PBXFileReference; fileEncoding = 4; lastKnownFileType = sourcecode.c.h; path = stream_httpc.h; sourceTree = "<group>"; };
		C24EF47D15820F7400FAE3A0 /* stream_torrent.c */ = {isa = PBXFileReference; fileEncoding = 4; lastKnownFileType = sourcecode.c.c; path = stream_torrent.c; sourceTree = "<group>"; };
		C24EF47E15820F7400FAE3A0 /* stream_torrent.h */ = {isa = PBXFileReference; fileEncoding = 4; lastKnownFileType = sourcecode.c.h; path = stream_torrent.h; sourceTree = "<group>"; };
		C2565F7B149C556900722EFA /* hive_viriatum_mobile.app */ = {isa = PBXFileReference; explicitFileType = wrapper.application; includeInIndex = 0; path = hive_viriatum_mobile.app; sourceTree = BUILT_PRODUCTS_DIR; };
		C2565F7D149C556900722EFA /* UIKit.framework */ = {isa = PBXFileReference; lastKnownFileType = wrapper.framework; name = UIKit.framework; path = Library/Frameworks/UIKit.framework; sourceTree = DEVELOPER_DIR; };
		C2565F7F149C556A00722EFA /* Foundation.framework */ = {isa = PBXFileReference; lastKnownFileType = wrapper.framework; name = Foundation.framework; path = Library/Frameworks/Foundation.framework; sourceTree = DEVELOPER_DIR; };
		C2565F81149C556A00722EFA /* CoreGraphics.framework */ = {isa = PBXFileReference; lastKnownFileType = wrapper.framework; name = CoreGraphics.framework; path = Library/Frameworks/CoreGraphics.framework; sourceTree = DEVELOPER_DIR; };
		C27406B91350BE2B0050EEAF /* stdafx.c */ = {isa = PBXFileReference; fileEncoding = 4; lastKnownFileType = sourcecode.c.c; name = stdafx.c; path = ../../../src/hive_viriatum/stdafx.c; sourceTree = "<group>"; };
		C27406BA1350BE2B0050EEAF /* stdafx.h */ = {isa = PBXFileReference; fileEncoding = 4; lastKnownFileType = sourcecode.c.h; name = stdafx.h; path = ../../../src/hive_viriatum/stdafx.h; sourceTree = "<group>"; };
		C27406C51350BE2B0050EEAF /* viriatum.c */ = {isa = PBXFileReference; fileEncoding = 4; lastKnownFileType = sourcecode.c.c; name = viriatum.c; path = ../../../src/hive_viriatum/viriatum.c; sourceTree = "<group>"; };
		C27406C61350BE2B0050EEAF /* viriatum.h */ = {isa = PBXFileReference; fileEncoding = 4; lastKnownFileType = sourcecode.c.h; name = viriatum.h; path = ../../../src/hive_viriatum/viriatum.h; sourceTree = "<group>"; };
		C292A4EA149C49C7005716FF /* _config_win32.h */ = {isa = PBXFileReference; fileEncoding = 4; lastKnownFileType = sourcecode.c.h; name = _config_win32.h; path = ../../../src/hive_viriatum/_config_win32.h; sourceTree = "<group>"; };
		C295DF60155BCAD600036037 /* base.h */ = {isa = PBXFileReference; fileEncoding = 4; lastKnownFileType = sourcecode.c.h; path = base.h; sourceTree = "<group>"; };
		C295DF61155BCAD600036037 /* entry.h */ = {isa = PBXFileReference; fileEncoding = 4; lastKnownFileType = sourcecode.c.h; path = entry.h; sourceTree = "<group>"; };
		C295DF63155BCAD600036037 /* definitions.h */ = {isa = PBXFileReference; fileEncoding = 4; lastKnownFileType = sourcecode.c.h; path = definitions.h; sourceTree = "<group>"; };
		C295DF64155BCAD600036037 /* resource.h */ = {isa = PBXFileReference; fileEncoding = 4; lastKnownFileType = sourcecode.c.h; path = resource.h; sourceTree = "<group>"; };
		C295DF65155BCAD600036037 /* targetver.h */ = {isa = PBXFileReference; fileEncoding = 4; lastKnownFileType = sourcecode.c.h; path = targetver.h; sourceTree = "<group>"; };
		C295DF67155BCAD600036037 /* handler_default.c */ = {isa = PBXFileReference; fileEncoding = 4; lastKnownFileType = sourcecode.c.c; path = handler_default.c; sourceTree = "<group>"; };
		C295DF68155BCAD600036037 /* handler_default.h */ = {isa = PBXFileReference; fileEncoding = 4; lastKnownFileType = sourcecode.c.h; path = handler_default.h; sourceTree = "<group>"; };
		C295DF69155BCAD600036037 /* handler_dispatch.c */ = {isa = PBXFileReference; fileEncoding = 4; lastKnownFileType = sourcecode.c.c; path = handler_dispatch.c; sourceTree = "<group>"; };
		C295DF6A155BCAD600036037 /* handler_dispatch.h */ = {isa = PBXFileReference; fileEncoding = 4; lastKnownFileType = sourcecode.c.h; path = handler_dispatch.h; sourceTree = "<group>"; };
		C295DF6B155BCAD600036037 /* handler_file.c */ = {isa = PBXFileReference; fileEncoding = 4; lastKnownFileType = sourcecode.c.c; path = handler_file.c; sourceTree = "<group>"; };
		C295DF6C155BCAD600036037 /* handler_file.h */ = {isa = PBXFileReference; fileEncoding = 4; lastKnownFileType = sourcecode.c.h; path = handler_file.h; sourceTree = "<group>"; };
		C295DF6D155BCAD600036037 /* handlers.h */ = {isa = PBXFileReference; fileEncoding = 4; lastKnownFileType = sourcecode.c.h; path = handlers.h; sourceTree = "<group>"; };
		C295DF6F155BCAD600036037 /* http.h */ = {isa = PBXFileReference; fileEncoding = 4; lastKnownFileType = sourcecode.c.h; path = http.h; sourceTree = "<group>"; };
		C295DF70155BCAD600036037 /* http_parser.c */ = {isa = PBXFileReference; fileEncoding = 4; lastKnownFileType = sourcecode.c.c; path = http_parser.c; sourceTree = "<group>"; };
		C295DF71155BCAD600036037 /* http_parser.h */ = {isa = PBXFileReference; fileEncoding = 4; lastKnownFileType = sourcecode.c.h; path = http_parser.h; sourceTree = "<group>"; };
		C295DF72155BCAD600036037 /* http_request.c */ = {isa = PBXFileReference; fileEncoding = 4; lastKnownFileType = sourcecode.c.c; path = http_request.c; sourceTree = "<group>"; };
		C295DF73155BCAD600036037 /* http_request.h */ = {isa = PBXFileReference; fileEncoding = 4; lastKnownFileType = sourcecode.c.h; path = http_request.h; sourceTree = "<group>"; };
		C295DF79155BCAD600036037 /* info.c */ = {isa = PBXFileReference; fileEncoding = 4; lastKnownFileType = sourcecode.c.c; path = info.c; sourceTree = "<group>"; };
		C295DF7A155BCAD600036037 /* info.h */ = {isa = PBXFileReference; fileEncoding = 4; lastKnownFileType = sourcecode.c.h; path = info.h; sourceTree = "<group>"; };
		C295DF7B155BCAD600036037 /* jni.h */ = {isa = PBXFileReference; fileEncoding = 4; lastKnownFileType = sourcecode.c.h; path = jni.h; sourceTree = "<group>"; };
		C295DF7C155BCAD600036037 /* jni_service.c */ = {isa = PBXFileReference; fileEncoding = 4; lastKnownFileType = sourcecode.c.c; path = jni_service.c; sourceTree = "<group>"; };
		C295DF7D155BCAD600036037 /* jni_service.h */ = {isa = PBXFileReference; fileEncoding = 4; lastKnownFileType = sourcecode.c.h; path = jni_service.h; sourceTree = "<group>"; };
		C295DF7E155BCAD600036037 /* start.c */ = {isa = PBXFileReference; fileEncoding = 4; lastKnownFileType = sourcecode.c.c; path = start.c; sourceTree = "<group>"; };
		C295DF7F155BCAD600036037 /* start.h */ = {isa = PBXFileReference; fileEncoding = 4; lastKnownFileType = sourcecode.c.h; path = start.h; sourceTree = "<group>"; };
		C295DF81155BCAD600036037 /* loading.c */ = {isa = PBXFileReference; fileEncoding = 4; lastKnownFileType = sourcecode.c.c; path = loading.c; sourceTree = "<group>"; };
		C295DF82155BCAD600036037 /* loading.h */ = {isa = PBXFileReference; fileEncoding = 4; lastKnownFileType = sourcecode.c.h; path = loading.h; sourceTree = "<group>"; };
		C295DF83155BCAD600036037 /* module.h */ = {isa = PBXFileReference; fileEncoding = 4; lastKnownFileType = sourcecode.c.h; path = module.h; sourceTree = "<group>"; };
		C295DF85155BCAD600036037 /* polling.h */ = {isa = PBXFileReference; fileEncoding = 4; lastKnownFileType = sourcecode.c.h; path = polling.h; sourceTree = "<group>"; };
		C295DF86155BCAD600036037 /* polling_epoll.c */ = {isa = PBXFileReference; fileEncoding = 4; lastKnownFileType = sourcecode.c.c; path = polling_epoll.c; sourceTree = "<group>"; };
		C295DF87155BCAD600036037 /* polling_epoll.h */ = {isa = PBXFileReference; fileEncoding = 4; lastKnownFileType = sourcecode.c.h; path = polling_epoll.h; sourceTree = "<group>"; };
		C295DF88155BCAD600036037 /* polling_kqueue.c */ = {isa = PBXFileReference; fileEncoding = 4; lastKnownFileType = sourcecode.c.c; path = polling_kqueue.c; sourceTree = "<group>"; };
		C295DF89155BCAD600036037 /* polling_kqueue.h */ = {isa = PBXFileReference; fileEncoding = 4; lastKnownFileType = sourcecode.c.h; path = polling_kqueue.h; sourceTree = "<group>"; };
		C295DF8A155BCAD600036037 /* polling_select.c */ = {isa = PBXFileReference; fileEncoding = 4; lastKnownFileType = sourcecode.c.c; path = polling_select.c; sourceTree = "<group>"; };
		C295DF8B155BCAD600036037 /* polling_select.h */ = {isa = PBXFileReference; fileEncoding = 4; lastKnownFileType = sourcecode.c.h; path = polling_select.h; sourceTree = "<group>"; };
		C295DF8D155BCAD600036037 /* stream.h */ = {isa = PBXFileReference; fileEncoding = 4; lastKnownFileType = sourcecode.c.h; path = stream.h; sourceTree = "<group>"; };
		C295DF8E155BCAD600036037 /* stream_http.c */ = {isa = PBXFileReference; fileEncoding = 4; lastKnownFileType = sourcecode.c.c; path = stream_http.c; sourceTree = "<group>"; };
		C295DF8F155BCAD600036037 /* stream_http.h */ = {isa = PBXFileReference; fileEncoding = 4; lastKnownFileType = sourcecode.c.h; path = stream_http.h; sourceTree = "<group>"; };
		C295DF90155BCAD600036037 /* stream_io.c */ = {isa = PBXFileReference; fileEncoding = 4; lastKnownFileType = sourcecode.c.c; path = stream_io.c; sourceTree = "<group>"; };
		C295DF91155BCAD600036037 /* stream_io.h */ = {isa = PBXFileReference; fileEncoding = 4; lastKnownFileType = sourcecode.c.h; path = stream_io.h; sourceTree = "<group>"; };
		C295DF93155BCAD600036037 /* environment.c */ = {isa = PBXFileReference; fileEncoding = 4; lastKnownFileType = sourcecode.c.c; path = environment.c; sourceTree = "<group>"; };
		C295DF94155BCAD600036037 /* environment.h */ = {isa = PBXFileReference; fileEncoding = 4; lastKnownFileType = sourcecode.c.h; path = environment.h; sourceTree = "<group>"; };
		C295DF95155BCAD600036037 /* service.c */ = {isa = PBXFileReference; fileEncoding = 4; lastKnownFileType = sourcecode.c.c; path = service.c; sourceTree = "<group>"; };
		C295DF96155BCAD600036037 /* service.h */ = {isa = PBXFileReference; fileEncoding = 4; lastKnownFileType = sourcecode.c.h; path = service.h; sourceTree = "<group>"; };
		C295DF97155BCAD600036037 /* system.h */ = {isa = PBXFileReference; fileEncoding = 4; lastKnownFileType = sourcecode.c.h; path = system.h; sourceTree = "<group>"; };
		C295DF99155BCAD600036037 /* simple_test.c */ = {isa = PBXFileReference; fileEncoding = 4; lastKnownFileType = sourcecode.c.c; path = simple_test.c; sourceTree = "<group>"; };
		C295DF9A155BCAD600036037 /* simple_test.h */ = {isa = PBXFileReference; fileEncoding = 4; lastKnownFileType = sourcecode.c.h; path = simple_test.h; sourceTree = "<group>"; };
		C295DF9B155BCAD600036037 /* test.h */ = {isa = PBXFileReference; fileEncoding = 4; lastKnownFileType = sourcecode.c.h; path = test.h; sourceTree = "<group>"; };
		C2AF3C38149CC7E300D28507 /* en */ = {isa = PBXFileReference; lastKnownFileType = text.plist.strings; name = en; path = en.lproj/InfoPlist.strings; sourceTree = "<group>"; };
		C2AF3C3A149CC7E300D28507 /* en */ = {isa = PBXFileReference; lastKnownFileType = file.xib; name = en; path = en.lproj/MainWindow.xib; sourceTree = "<group>"; };
		C2AF3C3C149CC7E300D28507 /* en */ = {isa = PBXFileReference; lastKnownFileType = file.xib; name = en; path = en.lproj/RootViewController.xib; sourceTree = "<group>"; };
		C2AF3C3D149CC7E300D28507 /* hive_viriatum_mobile-Info.plist */ = {isa = PBXFileReference; fileEncoding = 4; lastKnownFileType = text.plist.xml; path = "hive_viriatum_mobile-Info.plist"; sourceTree = "<group>"; };
		C2AF3C3E149CC7E300D28507 /* hive_viriatum_mobile-Prefix.pch */ = {isa = PBXFileReference; fileEncoding = 4; lastKnownFileType = sourcecode.c.h; path = "hive_viriatum_mobile-Prefix.pch"; sourceTree = "<group>"; };
		C2AF3C3F149CC7E300D28507 /* hive_viriatum_mobileAppDelegate.h */ = {isa = PBXFileReference; fileEncoding = 4; lastKnownFileType = sourcecode.c.h; path = hive_viriatum_mobileAppDelegate.h; sourceTree = "<group>"; };
		C2AF3C40149CC7E300D28507 /* hive_viriatum_mobileAppDelegate.m */ = {isa = PBXFileReference; fileEncoding = 4; lastKnownFileType = sourcecode.c.objc; path = hive_viriatum_mobileAppDelegate.m; sourceTree = "<group>"; };
		C2AF3C41149CC7E300D28507 /* main.m */ = {isa = PBXFileReference; fileEncoding = 4; lastKnownFileType = sourcecode.c.objc; path = main.m; sourceTree = "<group>"; };
		C2AF3C42149CC7E300D28507 /* RootViewController.h */ = {isa = PBXFileReference; fileEncoding = 4; lastKnownFileType = sourcecode.c.h; path = RootViewController.h; sourceTree = "<group>"; };
		C2AF3C43149CC7E300D28507 /* RootViewController.m */ = {isa = PBXFileReference; fileEncoding = 4; lastKnownFileType = sourcecode.c.objc; path = RootViewController.m; sourceTree = "<group>"; };
/* End PBXFileReference section */

/* Begin PBXFrameworksBuildPhase section */
		C20C2BBC1350B5D6001E22FB /* Frameworks */ = {
			isa = PBXFrameworksBuildPhase;
			buildActionMask = 2147483647;
			files = (
				C20C2CE51350B71E001E22FB /* libhive_viriatum_commons.a in Frameworks */,
			);
			runOnlyForDeploymentPostprocessing = 0;
		};
		C2565F78149C556900722EFA /* Frameworks */ = {
			isa = PBXFrameworksBuildPhase;
			buildActionMask = 2147483647;
			files = (
				C2565FCB149C56C300722EFA /* libhive_viriatum_commons_mobile.a in Frameworks */,
				C2565F7E149C556900722EFA /* UIKit.framework in Frameworks */,
				C2565F80149C556A00722EFA /* Foundation.framework in Frameworks */,
				C2565F82149C556A00722EFA /* CoreGraphics.framework in Frameworks */,
			);
			runOnlyForDeploymentPostprocessing = 0;
		};
/* End PBXFrameworksBuildPhase section */

/* Begin PBXGroup section */
		C20C2BB41350B5D5001E22FB = {
			isa = PBXGroup;
			children = (
				C20C2C741350B6A9001E22FB /* hive_viriatum_commons.xcodeproj */,
				C27406A41350BDF10050EEAF /* Classes */,
				C20C2BC01350B5D7001E22FB /* Products */,
				C294CBBA1350BED0000B52B4 /* Frameworks */,
			);
			sourceTree = "<group>";
		};
		C20C2BC01350B5D7001E22FB /* Products */ = {
			isa = PBXGroup;
			children = (
				C20C2BBF1350B5D7001E22FB /* hive_viriatum */,
				C2565F7B149C556900722EFA /* hive_viriatum_mobile.app */,
			);
			name = Products;
			sourceTree = "<group>";
		};
		C20C2C751350B6A9001E22FB /* Products */ = {
			isa = PBXGroup;
			children = (
				C20C2C791350B6AA001E22FB /* libhive_viriatum_commons.a */,
				C2565FCA149C56C300722EFA /* libhive_viriatum_commons_mobile.a */,
			);
			name = Products;
			sourceTree = "<group>";
		};
		C27406A41350BDF10050EEAF /* Classes */ = {
			isa = PBXGroup;
			children = (
				C2AF3C36149CC7E300D28507 /* hive_viriatum_mobile */,
				C27406CF1350BE350050EEAF /* root */,
				C295DF5F155BCAD600036037 /* base */,
				C295DF62155BCAD600036037 /* global */,
				C295DF66155BCAD600036037 /* handlers */,
				C295DF6E155BCAD600036037 /* http */,
				C295DF78155BCAD600036037 /* jni */,
				C295DF80155BCAD600036037 /* module */,
				C295DF84155BCAD600036037 /* polling */,
				C295DF8C155BCAD600036037 /* stream */,
				C295DF92155BCAD600036037 /* system */,
				C295DF98155BCAD600036037 /* test */,
			);
			name = Classes;
			sourceTree = "<group>";
		};
		C27406CF1350BE350050EEAF /* root */ = {
			isa = PBXGroup;
			children = (
				C292A4EA149C49C7005716FF /* _config_win32.h */,
				C27406C51350BE2B0050EEAF /* viriatum.c */,
				C27406C61350BE2B0050EEAF /* viriatum.h */,
				C27406B91350BE2B0050EEAF /* stdafx.c */,
				C27406BA1350BE2B0050EEAF /* stdafx.h */,
			);
			name = root;
			sourceTree = "<group>";
		};
		C294CBBA1350BED0000B52B4 /* Frameworks */ = {
			isa = PBXGroup;
			children = (
				C20C2CE41350B71E001E22FB /* libhive_viriatum_commons.a */,
				C2565F7D149C556900722EFA /* UIKit.framework */,
				C2565F7F149C556A00722EFA /* Foundation.framework */,
				C2565F81149C556A00722EFA /* CoreGraphics.framework */,
			);
			name = Frameworks;
			sourceTree = "<group>";
		};
		C295DF5F155BCAD600036037 /* base */ = {
			isa = PBXGroup;
			children = (
				C295DF60155BCAD600036037 /* base.h */,
				C295DF61155BCAD600036037 /* entry.h */,
			);
			name = base;
			path = ../../../src/hive_viriatum/base;
			sourceTree = "<group>";
		};
		C295DF62155BCAD600036037 /* global */ = {
			isa = PBXGroup;
			children = (
				C295DF63155BCAD600036037 /* definitions.h */,
				C295DF64155BCAD600036037 /* resource.h */,
				C295DF65155BCAD600036037 /* targetver.h */,
			);
			name = global;
			path = ../../../src/hive_viriatum/global;
			sourceTree = "<group>";
		};
		C295DF66155BCAD600036037 /* handlers */ = {
			isa = PBXGroup;
			children = (
				C295DF67155BCAD600036037 /* handler_default.c */,
				C295DF68155BCAD600036037 /* handler_default.h */,
				C295DF69155BCAD600036037 /* handler_dispatch.c */,
				C295DF6A155BCAD600036037 /* handler_dispatch.h */,
				C295DF6B155BCAD600036037 /* handler_file.c */,
				C295DF6C155BCAD600036037 /* handler_file.h */,
				C295DF6D155BCAD600036037 /* handlers.h */,
			);
			name = handlers;
			path = ../../../src/hive_viriatum/handlers;
			sourceTree = "<group>";
		};
		C295DF6E155BCAD600036037 /* http */ = {
			isa = PBXGroup;
			children = (
				C295DF6F155BCAD600036037 /* http.h */,
				C295DF70155BCAD600036037 /* http_parser.c */,
				C295DF71155BCAD600036037 /* http_parser.h */,
				C295DF72155BCAD600036037 /* http_request.c */,
				C295DF73155BCAD600036037 /* http_request.h */,
			);
			name = http;
			path = ../../../src/hive_viriatum/http;
			sourceTree = "<group>";
		};
		C295DF78155BCAD600036037 /* jni */ = {
			isa = PBXGroup;
			children = (
				C295DF79155BCAD600036037 /* info.c */,
				C295DF7A155BCAD600036037 /* info.h */,
				C295DF7B155BCAD600036037 /* jni.h */,
				C295DF7C155BCAD600036037 /* jni_service.c */,
				C295DF7D155BCAD600036037 /* jni_service.h */,
				C295DF7E155BCAD600036037 /* start.c */,
				C295DF7F155BCAD600036037 /* start.h */,
			);
			name = jni;
			path = ../../../src/hive_viriatum/jni;
			sourceTree = "<group>";
		};
		C295DF80155BCAD600036037 /* module */ = {
			isa = PBXGroup;
			children = (
				C295DF81155BCAD600036037 /* loading.c */,
				C295DF82155BCAD600036037 /* loading.h */,
				C295DF83155BCAD600036037 /* module.h */,
			);
			name = module;
			path = ../../../src/hive_viriatum/module;
			sourceTree = "<group>";
		};
		C295DF84155BCAD600036037 /* polling */ = {
			isa = PBXGroup;
			children = (
				C295DF85155BCAD600036037 /* polling.h */,
				C295DF86155BCAD600036037 /* polling_epoll.c */,
				C295DF87155BCAD600036037 /* polling_epoll.h */,
				C295DF88155BCAD600036037 /* polling_kqueue.c */,
				C295DF89155BCAD600036037 /* polling_kqueue.h */,
				C295DF8A155BCAD600036037 /* polling_select.c */,
				C295DF8B155BCAD600036037 /* polling_select.h */,
			);
			name = polling;
			path = ../../../src/hive_viriatum/polling;
			sourceTree = "<group>";
		};
		C295DF8C155BCAD600036037 /* stream */ = {
			isa = PBXGroup;
			children = (
				C24EF47B15820F7400FAE3A0 /* stream_httpc.c */,
				C24EF47C15820F7400FAE3A0 /* stream_httpc.h */,
				C24EF47D15820F7400FAE3A0 /* stream_torrent.c */,
				C24EF47E15820F7400FAE3A0 /* stream_torrent.h */,
				C295DF8D155BCAD600036037 /* stream.h */,
				C295DF8E155BCAD600036037 /* stream_http.c */,
				C295DF8F155BCAD600036037 /* stream_http.h */,
				C295DF90155BCAD600036037 /* stream_io.c */,
				C295DF91155BCAD600036037 /* stream_io.h */,
			);
			name = stream;
			path = ../../../src/hive_viriatum/stream;
			sourceTree = "<group>";
		};
		C295DF92155BCAD600036037 /* system */ = {
			isa = PBXGroup;
			children = (
				C295DF93155BCAD600036037 /* environment.c */,
				C295DF94155BCAD600036037 /* environment.h */,
				C295DF95155BCAD600036037 /* service.c */,
				C295DF96155BCAD600036037 /* service.h */,
				C295DF97155BCAD600036037 /* system.h */,
			);
			name = system;
			path = ../../../src/hive_viriatum/system;
			sourceTree = "<group>";
		};
		C295DF98155BCAD600036037 /* test */ = {
			isa = PBXGroup;
			children = (
				C295DF99155BCAD600036037 /* simple_test.c */,
				C295DF9A155BCAD600036037 /* simple_test.h */,
				C295DF9B155BCAD600036037 /* test.h */,
			);
			name = test;
			path = ../../../src/hive_viriatum/test;
			sourceTree = "<group>";
		};
		C2AF3C36149CC7E300D28507 /* hive_viriatum_mobile */ = {
			isa = PBXGroup;
			children = (
				C2AF3C37149CC7E300D28507 /* InfoPlist.strings */,
				C2AF3C39149CC7E300D28507 /* MainWindow.xib */,
				C2AF3C3B149CC7E300D28507 /* RootViewController.xib */,
				C2AF3C3D149CC7E300D28507 /* hive_viriatum_mobile-Info.plist */,
				C2AF3C3E149CC7E300D28507 /* hive_viriatum_mobile-Prefix.pch */,
				C2AF3C3F149CC7E300D28507 /* hive_viriatum_mobileAppDelegate.h */,
				C2AF3C40149CC7E300D28507 /* hive_viriatum_mobileAppDelegate.m */,
				C2AF3C41149CC7E300D28507 /* main.m */,
				C2AF3C42149CC7E300D28507 /* RootViewController.h */,
				C2AF3C43149CC7E300D28507 /* RootViewController.m */,
			);
			name = hive_viriatum_mobile;
			path = ../../src/hive_viriatum_mobile;
			sourceTree = "<group>";
		};
/* End PBXGroup section */

/* Begin PBXNativeTarget section */
		C20C2BBE1350B5D6001E22FB /* hive_viriatum */ = {
			isa = PBXNativeTarget;
			buildConfigurationList = C20C2BC81350B5D7001E22FB /* Build configuration list for PBXNativeTarget "hive_viriatum" */;
			buildPhases = (
				C20C2BBB1350B5D6001E22FB /* Sources */,
				C20C2BBC1350B5D6001E22FB /* Frameworks */,
				C20C2BBD1350B5D6001E22FB /* CopyFiles */,
			);
			buildRules = (
			);
			dependencies = (
			);
			name = hive_viriatum;
			productName = hive_viriatum;
			productReference = C20C2BBF1350B5D7001E22FB /* hive_viriatum */;
			productType = "com.apple.product-type.tool";
		};
		C2565F7A149C556900722EFA /* hive_viriatum_mobile */ = {
			isa = PBXNativeTarget;
			buildConfigurationList = C2565F9B149C556A00722EFA /* Build configuration list for PBXNativeTarget "hive_viriatum_mobile" */;
			buildPhases = (
				C2565F77149C556900722EFA /* Sources */,
				C2565F78149C556900722EFA /* Frameworks */,
				C2565F79149C556900722EFA /* Resources */,
			);
			buildRules = (
			);
			dependencies = (
			);
			name = hive_viriatum_mobile;
			productName = hive_viriatum_mobile;
			productReference = C2565F7B149C556900722EFA /* hive_viriatum_mobile.app */;
			productType = "com.apple.product-type.application";
		};
/* End PBXNativeTarget section */

/* Begin PBXProject section */
		C20C2BB61350B5D5001E22FB /* Project object */ = {
			isa = PBXProject;
			buildConfigurationList = C20C2BB91350B5D5001E22FB /* Build configuration list for PBXProject "hive_viriatum" */;
			compatibilityVersion = "Xcode 3.2";
			developmentRegion = English;
			hasScannedForEncodings = 0;
			knownRegions = (
				en,
			);
			mainGroup = C20C2BB41350B5D5001E22FB;
			productRefGroup = C20C2BC01350B5D7001E22FB /* Products */;
			projectDirPath = "";
			projectReferences = (
				{
					ProductGroup = C20C2C751350B6A9001E22FB /* Products */;
					ProjectRef = C20C2C741350B6A9001E22FB /* hive_viriatum_commons.xcodeproj */;
				},
			);
			projectRoot = "";
			targets = (
				C20C2BBE1350B5D6001E22FB /* hive_viriatum */,
				C2565F7A149C556900722EFA /* hive_viriatum_mobile */,
			);
		};
/* End PBXProject section */

/* Begin PBXReferenceProxy section */
		C20C2C791350B6AA001E22FB /* libhive_viriatum_commons.a */ = {
			isa = PBXReferenceProxy;
			fileType = archive.ar;
			path = libhive_viriatum_commons.a;
			remoteRef = C20C2C781350B6AA001E22FB /* PBXContainerItemProxy */;
			sourceTree = BUILT_PRODUCTS_DIR;
		};
		C2565FCA149C56C300722EFA /* libhive_viriatum_commons_mobile.a */ = {
			isa = PBXReferenceProxy;
			fileType = archive.ar;
			path = libhive_viriatum_commons_mobile.a;
			remoteRef = C2565FC9149C56C300722EFA /* PBXContainerItemProxy */;
			sourceTree = BUILT_PRODUCTS_DIR;
		};
/* End PBXReferenceProxy section */

/* Begin PBXResourcesBuildPhase section */
		C2565F79149C556900722EFA /* Resources */ = {
			isa = PBXResourcesBuildPhase;
			buildActionMask = 2147483647;
			files = (
				C2AF3C44149CC7E300D28507 /* InfoPlist.strings in Resources */,
				C2AF3C45149CC7E300D28507 /* MainWindow.xib in Resources */,
				C2AF3C46149CC7E300D28507 /* RootViewController.xib in Resources */,
				C2AF3C47149CC7E300D28507 /* hive_viriatum_mobile-Info.plist in Resources */,
			);
			runOnlyForDeploymentPostprocessing = 0;
		};
/* End PBXResourcesBuildPhase section */

/* Begin PBXSourcesBuildPhase section */
		C20C2BBB1350B5D6001E22FB /* Sources */ = {
			isa = PBXSourcesBuildPhase;
			buildActionMask = 2147483647;
			files = (
				C27406CA1350BE2B0050EEAF /* stdafx.c in Sources */,
				C27406CE1350BE2B0050EEAF /* viriatum.c in Sources */,
				C295DF9C155BCAD600036037 /* handler_default.c in Sources */,
				C295DF9E155BCAD600036037 /* handler_dispatch.c in Sources */,
				C295DFA0155BCAD600036037 /* handler_file.c in Sources */,
				C295DFA2155BCAD600036037 /* http_parser.c in Sources */,
				C295DFA4155BCAD600036037 /* http_request.c in Sources */,
				C295DFA8155BCAD600036037 /* info.c in Sources */,
				C295DFAA155BCAD600036037 /* jni_service.c in Sources */,
				C295DFAC155BCAD600036037 /* start.c in Sources */,
				C295DFAE155BCAD600036037 /* loading.c in Sources */,
				C295DFB0155BCAD600036037 /* polling_epoll.c in Sources */,
				C295DFB2155BCAD600036037 /* polling_kqueue.c in Sources */,
				C295DFB4155BCAD600036037 /* polling_select.c in Sources */,
				C295DFB6155BCAD600036037 /* stream_http.c in Sources */,
				C295DFB8155BCAD600036037 /* stream_io.c in Sources */,
				C295DFBA155BCAD600036037 /* environment.c in Sources */,
				C295DFBC155BCAD600036037 /* service.c in Sources */,
				C295DFBE155BCAD600036037 /* simple_test.c in Sources */,
				C24EF47F15820F7400FAE3A0 /* stream_httpc.c in Sources */,
				C24EF48115820F7400FAE3A0 /* stream_torrent.c in Sources */,
			);
			runOnlyForDeploymentPostprocessing = 0;
		};
		C2565F77149C556900722EFA /* Sources */ = {
			isa = PBXSourcesBuildPhase;
			buildActionMask = 2147483647;
			files = (
				C2565FD3149C56E900722EFA /* viriatum.c in Sources */,
				C2565FD4149C56E900722EFA /* stdafx.c in Sources */,
				C2AF3C48149CC7E300D28507 /* hive_viriatum_mobileAppDelegate.m in Sources */,
				C2AF3C49149CC7E300D28507 /* main.m in Sources */,
				C2AF3C4A149CC7E300D28507 /* RootViewController.m in Sources */,
				C295DF9D155BCAD600036037 /* handler_default.c in Sources */,
				C295DF9F155BCAD600036037 /* handler_dispatch.c in Sources */,
				C295DFA1155BCAD600036037 /* handler_file.c in Sources */,
				C295DFA3155BCAD600036037 /* http_parser.c in Sources */,
				C295DFA5155BCAD600036037 /* http_request.c in Sources */,
				C295DFA9155BCAD600036037 /* info.c in Sources */,
				C295DFAB155BCAD600036037 /* jni_service.c in Sources */,
				C295DFAD155BCAD600036037 /* start.c in Sources */,
				C295DFAF155BCAD600036037 /* loading.c in Sources */,
				C295DFB1155BCAD600036037 /* polling_epoll.c in Sources */,
				C295DFB3155BCAD600036037 /* polling_kqueue.c in Sources */,
				C295DFB5155BCAD600036037 /* polling_select.c in Sources */,
				C295DFB7155BCAD600036037 /* stream_http.c in Sources */,
				C295DFB9155BCAD600036037 /* stream_io.c in Sources */,
				C295DFBB155BCAD600036037 /* environment.c in Sources */,
				C295DFBD155BCAD600036037 /* service.c in Sources */,
				C295DFBF155BCAD600036037 /* simple_test.c in Sources */,
				C24EF48015820F7400FAE3A0 /* stream_httpc.c in Sources */,
				C24EF48215820F7400FAE3A0 /* stream_torrent.c in Sources */,
			);
			runOnlyForDeploymentPostprocessing = 0;
		};
/* End PBXSourcesBuildPhase section */

/* Begin PBXVariantGroup section */
		C2AF3C37149CC7E300D28507 /* InfoPlist.strings */ = {
			isa = PBXVariantGroup;
			children = (
				C2AF3C38149CC7E300D28507 /* en */,
			);
			name = InfoPlist.strings;
			sourceTree = "<group>";
		};
		C2AF3C39149CC7E300D28507 /* MainWindow.xib */ = {
			isa = PBXVariantGroup;
			children = (
				C2AF3C3A149CC7E300D28507 /* en */,
			);
			name = MainWindow.xib;
			sourceTree = "<group>";
		};
		C2AF3C3B149CC7E300D28507 /* RootViewController.xib */ = {
			isa = PBXVariantGroup;
			children = (
				C2AF3C3C149CC7E300D28507 /* en */,
			);
			name = RootViewController.xib;
			sourceTree = "<group>";
		};
/* End PBXVariantGroup section */

/* Begin XCBuildConfiguration section */
		C20C2BC61350B5D7001E22FB /* Debug */ = {
			isa = XCBuildConfiguration;
			buildSettings = {
				ARCHS = "$(ARCHS_STANDARD_32_64_BIT)";
				GCC_C_LANGUAGE_STANDARD = gnu99;
				GCC_OPTIMIZATION_LEVEL = 0;
				GCC_PREPROCESSOR_DEFINITIONS = DEBUG;
				GCC_SYMBOLS_PRIVATE_EXTERN = NO;
				GCC_VERSION = com.apple.compilers.llvm.clang.1_0;
				GCC_WARN_64_TO_32_BIT_CONVERSION = YES;
				GCC_WARN_ABOUT_RETURN_TYPE = YES;
				GCC_WARN_UNUSED_VARIABLE = YES;
				MACOSX_DEPLOYMENT_TARGET = 10.6;
				ONLY_ACTIVE_ARCH = YES;
				SDKROOT = macosx;
			};
			name = Debug;
		};
		C20C2BC71350B5D7001E22FB /* Release */ = {
			isa = XCBuildConfiguration;
			buildSettings = {
				ARCHS = "$(ARCHS_STANDARD_32_64_BIT)";
				GCC_C_LANGUAGE_STANDARD = gnu99;
				GCC_VERSION = com.apple.compilers.llvm.clang.1_0;
				GCC_WARN_64_TO_32_BIT_CONVERSION = YES;
				GCC_WARN_ABOUT_RETURN_TYPE = YES;
				GCC_WARN_UNUSED_VARIABLE = YES;
				MACOSX_DEPLOYMENT_TARGET = 10.6;
				SDKROOT = macosx;
			};
			name = Release;
		};
		C20C2BC91350B5D7001E22FB /* Debug */ = {
			isa = XCBuildConfiguration;
			buildSettings = {
				ALWAYS_SEARCH_USER_PATHS = NO;
				COPY_PHASE_STRIP = NO;
				GCC_DYNAMIC_NO_PIC = NO;
				GCC_ENABLE_OBJC_EXCEPTIONS = YES;
				PRODUCT_NAME = "$(TARGET_NAME)";
			};
			name = Debug;
		};
		C20C2BCA1350B5D7001E22FB /* Release */ = {
			isa = XCBuildConfiguration;
			buildSettings = {
				ALWAYS_SEARCH_USER_PATHS = NO;
				COPY_PHASE_STRIP = YES;
				DEBUG_INFORMATION_FORMAT = "dwarf-with-dsym";
				GCC_ENABLE_OBJC_EXCEPTIONS = YES;
				PRODUCT_NAME = "$(TARGET_NAME)";
			};
			name = Release;
		};
		C2565F98149C556A00722EFA /* Debug */ = {
			isa = XCBuildConfiguration;
			buildSettings = {
				ALWAYS_SEARCH_USER_PATHS = NO;
				ARCHS = "$(ARCHS_STANDARD_32_BIT)";
				"CODE_SIGN_IDENTITY[sdk=iphoneos*]" = "iPhone Developer";
				COPY_PHASE_STRIP = NO;
				FRAMEWORK_SEARCH_PATHS = (
					"$(inherited)",
					"\"$(DEVELOPER_FRAMEWORKS_DIR)\"",
				);
				GCC_DYNAMIC_NO_PIC = NO;
				GCC_PRECOMPILE_PREFIX_HEADER = YES;
				GCC_PREFIX_HEADER = "../../src/hive_viriatum_mobile/hive_viriatum_mobile-Prefix.pch";
				GCC_PREPROCESSOR_DEFINITIONS = (
					"DEBUG=1",
					"$(inherited)",
				);
				GCC_VERSION = com.apple.compilers.llvmgcc42;
				GCC_WARN_ABOUT_MISSING_PROTOTYPES = YES;
				INFOPLIST_FILE = "../../src/hive_viriatum_mobile/hive_viriatum_mobile-Info.plist";
				IPHONEOS_DEPLOYMENT_TARGET = 4.3;
				PRODUCT_NAME = "$(TARGET_NAME)";
				SDKROOT = iphoneos;
				WRAPPER_EXTENSION = app;
			};
			name = Debug;
		};
		C2565F99149C556A00722EFA /* Release */ = {
			isa = XCBuildConfiguration;
			buildSettings = {
				ALWAYS_SEARCH_USER_PATHS = NO;
				ARCHS = "$(ARCHS_STANDARD_32_BIT)";
				"CODE_SIGN_IDENTITY[sdk=iphoneos*]" = "iPhone Developer";
				COPY_PHASE_STRIP = YES;
				FRAMEWORK_SEARCH_PATHS = (
					"$(inherited)",
					"\"$(DEVELOPER_FRAMEWORKS_DIR)\"",
				);
				GCC_PRECOMPILE_PREFIX_HEADER = YES;
				GCC_PREFIX_HEADER = "../../src/hive_viriatum_mobile/hive_viriatum_mobile-Prefix.pch";
				GCC_VERSION = com.apple.compilers.llvmgcc42;
				GCC_WARN_ABOUT_MISSING_PROTOTYPES = YES;
				INFOPLIST_FILE = "../../src/hive_viriatum_mobile/hive_viriatum_mobile-Info.plist";
				IPHONEOS_DEPLOYMENT_TARGET = 4.3;
				OTHER_CFLAGS = "-DNS_BLOCK_ASSERTIONS=1";
				PRODUCT_NAME = "$(TARGET_NAME)";
				SDKROOT = iphoneos;
				VALIDATE_PRODUCT = YES;
				WRAPPER_EXTENSION = app;
			};
			name = Release;
		};
/* End XCBuildConfiguration section */

/* Begin XCConfigurationList section */
		C20C2BB91350B5D5001E22FB /* Build configuration list for PBXProject "hive_viriatum" */ = {
			isa = XCConfigurationList;
			buildConfigurations = (
				C20C2BC61350B5D7001E22FB /* Debug */,
				C20C2BC71350B5D7001E22FB /* Release */,
			);
			defaultConfigurationIsVisible = 0;
			defaultConfigurationName = Release;
		};
		C20C2BC81350B5D7001E22FB /* Build configuration list for PBXNativeTarget "hive_viriatum" */ = {
			isa = XCConfigurationList;
			buildConfigurations = (
				C20C2BC91350B5D7001E22FB /* Debug */,
				C20C2BCA1350B5D7001E22FB /* Release */,
			);
			defaultConfigurationIsVisible = 0;
			defaultConfigurationName = Release;
		};
		C2565F9B149C556A00722EFA /* Build configuration list for PBXNativeTarget "hive_viriatum_mobile" */ = {
			isa = XCConfigurationList;
			buildConfigurations = (
				C2565F98149C556A00722EFA /* Debug */,
				C2565F99149C556A00722EFA /* Release */,
			);
			defaultConfigurationIsVisible = 0;
			defaultConfigurationName = Release;
		};
/* End XCConfigurationList section */
	};
	rootObject = C20C2BB61350B5D5001E22FB /* Project object */;
}
