// !$*UTF8*$!
{
	archiveVersion = 1;
	classes = {
	};
	objectVersion = 46;
	objects = {

/* Begin PBXBuildFile section */
		C20C2C5A1350B688001E22FB /* http_request.c in Sources */ = {isa = PBXBuildFile; fileRef = C20C2C421350B688001E22FB /* http_request.c */; };
		C20C2C5B1350B688001E22FB /* file.c in Sources */ = {isa = PBXBuildFile; fileRef = C20C2C451350B688001E22FB /* file.c */; };
		C20C2C5C1350B688001E22FB /* loading.c in Sources */ = {isa = PBXBuildFile; fileRef = C20C2C491350B688001E22FB /* loading.c */; };
		C20C2C5D1350B688001E22FB /* stdafx.c in Sources */ = {isa = PBXBuildFile; fileRef = C20C2C4C1350B688001E22FB /* stdafx.c */; };
		C20C2C5E1350B688001E22FB /* service.c in Sources */ = {isa = PBXBuildFile; fileRef = C20C2C4F1350B688001E22FB /* service.c */; };
		C20C2C5F1350B688001E22FB /* service_select.c in Sources */ = {isa = PBXBuildFile; fileRef = C20C2C511350B688001E22FB /* service_select.c */; };
		C20C2C601350B688001E22FB /* simple_test.c in Sources */ = {isa = PBXBuildFile; fileRef = C20C2C551350B688001E22FB /* simple_test.c */; };
		C20C2C611350B688001E22FB /* viriatum.c in Sources */ = {isa = PBXBuildFile; fileRef = C20C2C581350B688001E22FB /* viriatum.c */; };
		C20C2CE51350B71E001E22FB /* libhive_viriatum_commons.a in Frameworks */ = {isa = PBXBuildFile; fileRef = C20C2CE41350B71E001E22FB /* libhive_viriatum_commons.a */; };
/* End PBXBuildFile section */

/* Begin PBXContainerItemProxy section */
		C20C2C781350B6AA001E22FB /* PBXContainerItemProxy */ = {
			isa = PBXContainerItemProxy;
			containerPortal = C20C2C741350B6A9001E22FB /* hive_viriatum_commons.xcodeproj */;
			proxyType = 2;
			remoteGlobalIDString = C20C2C6D1350B6A5001E22FB;
			remoteInfo = hive_viriatum_commons;
		};
/* End PBXContainerItemProxy section */

/* Begin PBXCopyFilesBuildPhase section */
		C20C2BBD1350B5D6001E22FB /* CopyFiles */ = {
			isa = PBXCopyFilesBuildPhase;
			buildActionMask = 2147483647;
			dstPath = /usr/share/man/man1/;
			dstSubfolderSpec = 0;
			files = (
			);
			runOnlyForDeploymentPostprocessing = 1;
		};
/* End PBXCopyFilesBuildPhase section */

/* Begin PBXFileReference section */
		C20C2BBF1350B5D7001E22FB /* hive_viriatum */ = {isa = PBXFileReference; explicitFileType = "compiled.mach-o.executable"; includeInIndex = 0; path = hive_viriatum; sourceTree = BUILT_PRODUCTS_DIR; };
		C20C2C3E1350B688001E22FB /* resource.h */ = {isa = PBXFileReference; fileEncoding = 4; lastKnownFileType = sourcecode.c.h; path = resource.h; sourceTree = "<group>"; };
		C20C2C3F1350B688001E22FB /* targetver.h */ = {isa = PBXFileReference; fileEncoding = 4; lastKnownFileType = sourcecode.c.h; path = targetver.h; sourceTree = "<group>"; };
		C20C2C411350B688001E22FB /* http.h */ = {isa = PBXFileReference; fileEncoding = 4; lastKnownFileType = sourcecode.c.h; path = http.h; sourceTree = "<group>"; };
		C20C2C421350B688001E22FB /* http_request.c */ = {isa = PBXFileReference; fileEncoding = 4; lastKnownFileType = sourcecode.c.c; path = http_request.c; sourceTree = "<group>"; };
		C20C2C431350B688001E22FB /* http_request.h */ = {isa = PBXFileReference; fileEncoding = 4; lastKnownFileType = sourcecode.c.h; path = http_request.h; sourceTree = "<group>"; };
		C20C2C451350B688001E22FB /* file.c */ = {isa = PBXFileReference; fileEncoding = 4; lastKnownFileType = sourcecode.c.c; path = file.c; sourceTree = "<group>"; };
		C20C2C461350B688001E22FB /* file.h */ = {isa = PBXFileReference; fileEncoding = 4; lastKnownFileType = sourcecode.c.h; path = file.h; sourceTree = "<group>"; };
		C20C2C471350B688001E22FB /* io.h */ = {isa = PBXFileReference; fileEncoding = 4; lastKnownFileType = sourcecode.c.h; path = io.h; sourceTree = "<group>"; };
		C20C2C491350B688001E22FB /* loading.c */ = {isa = PBXFileReference; fileEncoding = 4; lastKnownFileType = sourcecode.c.c; path = loading.c; sourceTree = "<group>"; };
		C20C2C4A1350B688001E22FB /* loading.h */ = {isa = PBXFileReference; fileEncoding = 4; lastKnownFileType = sourcecode.c.h; path = loading.h; sourceTree = "<group>"; };
		C20C2C4B1350B688001E22FB /* module.h */ = {isa = PBXFileReference; fileEncoding = 4; lastKnownFileType = sourcecode.c.h; path = module.h; sourceTree = "<group>"; };
		C20C2C4C1350B688001E22FB /* stdafx.c */ = {isa = PBXFileReference; fileEncoding = 4; lastKnownFileType = sourcecode.c.c; name = stdafx.c; path = ../../../../src/hive_viriatum/stdafx.c; sourceTree = "<group>"; };
		C20C2C4D1350B688001E22FB /* stdafx.h */ = {isa = PBXFileReference; fileEncoding = 4; lastKnownFileType = sourcecode.c.h; name = stdafx.h; path = ../../../../src/hive_viriatum/stdafx.h; sourceTree = "<group>"; };
		C20C2C4F1350B688001E22FB /* service.c */ = {isa = PBXFileReference; fileEncoding = 4; lastKnownFileType = sourcecode.c.c; path = service.c; sourceTree = "<group>"; };
		C20C2C501350B688001E22FB /* service.h */ = {isa = PBXFileReference; fileEncoding = 4; lastKnownFileType = sourcecode.c.h; path = service.h; sourceTree = "<group>"; };
		C20C2C511350B688001E22FB /* service_select.c */ = {isa = PBXFileReference; fileEncoding = 4; lastKnownFileType = sourcecode.c.c; path = service_select.c; sourceTree = "<group>"; };
		C20C2C521350B688001E22FB /* service_select.h */ = {isa = PBXFileReference; fileEncoding = 4; lastKnownFileType = sourcecode.c.h; path = service_select.h; sourceTree = "<group>"; };
		C20C2C531350B688001E22FB /* system.h */ = {isa = PBXFileReference; fileEncoding = 4; lastKnownFileType = sourcecode.c.h; path = system.h; sourceTree = "<group>"; };
		C20C2C551350B688001E22FB /* simple_test.c */ = {isa = PBXFileReference; fileEncoding = 4; lastKnownFileType = sourcecode.c.c; path = simple_test.c; sourceTree = "<group>"; };
		C20C2C561350B688001E22FB /* simple_test.h */ = {isa = PBXFileReference; fileEncoding = 4; lastKnownFileType = sourcecode.c.h; path = simple_test.h; sourceTree = "<group>"; };
		C20C2C571350B688001E22FB /* test.h */ = {isa = PBXFileReference; fileEncoding = 4; lastKnownFileType = sourcecode.c.h; path = test.h; sourceTree = "<group>"; };
		C20C2C581350B688001E22FB /* viriatum.c */ = {isa = PBXFileReference; fileEncoding = 4; lastKnownFileType = sourcecode.c.c; name = viriatum.c; path = ../../../../src/hive_viriatum/viriatum.c; sourceTree = "<group>"; };
		C20C2C591350B688001E22FB /* viriatum.h */ = {isa = PBXFileReference; fileEncoding = 4; lastKnownFileType = sourcecode.c.h; name = viriatum.h; path = ../../../../src/hive_viriatum/viriatum.h; sourceTree = "<group>"; };
		C20C2C741350B6A9001E22FB /* hive_viriatum_commons.xcodeproj */ = {isa = PBXFileReference; lastKnownFileType = "wrapper.pb-project"; name = hive_viriatum_commons.xcodeproj; path = ../hive_viriatum_commons/hive_viriatum_commons.xcodeproj; sourceTree = "<group>"; };
		C20C2CE41350B71E001E22FB /* libhive_viriatum_commons.a */ = {isa = PBXFileReference; explicitFileType = archive.ar; path = libhive_viriatum_commons.a; sourceTree = BUILT_PRODUCTS_DIR; };
/* End PBXFileReference section */

/* Begin PBXFrameworksBuildPhase section */
		C20C2BBC1350B5D6001E22FB /* Frameworks */ = {
			isa = PBXFrameworksBuildPhase;
			buildActionMask = 2147483647;
			files = (
				C20C2CE51350B71E001E22FB /* libhive_viriatum_commons.a in Frameworks */,
			);
			runOnlyForDeploymentPostprocessing = 0;
		};
/* End PBXFrameworksBuildPhase section */

/* Begin PBXGroup section */
		C20C2BB41350B5D5001E22FB = {
			isa = PBXGroup;
			children = (
				C20C2C741350B6A9001E22FB /* hive_viriatum_commons.xcodeproj */,
				C20C2BC21350B5D7001E22FB /* Classes */,
				C20C2BC01350B5D7001E22FB /* Products */,
				C20C2CE41350B71E001E22FB /* libhive_viriatum_commons.a */,
			);
			sourceTree = "<group>";
		};
		C20C2BC01350B5D7001E22FB /* Products */ = {
			isa = PBXGroup;
			children = (
				C20C2BBF1350B5D7001E22FB /* hive_viriatum */,
			);
			name = Products;
			sourceTree = "<group>";
		};
		C20C2BC21350B5D7001E22FB /* Classes */ = {
			isa = PBXGroup;
			children = (
				C2F8700F1350BAEC0003A4A5 /* base */,
				C20C2C3D1350B688001E22FB /* global */,
				C20C2C401350B688001E22FB /* http */,
				C20C2C441350B688001E22FB /* io */,
				C20C2C481350B688001E22FB /* module */,
				C20C2C4E1350B688001E22FB /* system */,
				C20C2C541350B688001E22FB /* test */,
			);
			name = Classes;
			path = hive_viriatum;
			sourceTree = "<group>";
		};
		C20C2C3D1350B688001E22FB /* global */ = {
			isa = PBXGroup;
			children = (
				C20C2C3E1350B688001E22FB /* resource.h */,
				C20C2C3F1350B688001E22FB /* targetver.h */,
			);
			name = global;
			path = ../../../../src/hive_viriatum/global;
			sourceTree = "<group>";
		};
		C20C2C401350B688001E22FB /* http */ = {
			isa = PBXGroup;
			children = (
				C20C2C411350B688001E22FB /* http.h */,
				C20C2C421350B688001E22FB /* http_request.c */,
				C20C2C431350B688001E22FB /* http_request.h */,
			);
			name = http;
			path = ../../../../src/hive_viriatum/http;
			sourceTree = "<group>";
		};
		C20C2C441350B688001E22FB /* io */ = {
			isa = PBXGroup;
			children = (
				C20C2C451350B688001E22FB /* file.c */,
				C20C2C461350B688001E22FB /* file.h */,
				C20C2C471350B688001E22FB /* io.h */,
			);
			name = io;
			path = ../../../../src/hive_viriatum/io;
			sourceTree = "<group>";
		};
		C20C2C481350B688001E22FB /* module */ = {
			isa = PBXGroup;
			children = (
				C20C2C491350B688001E22FB /* loading.c */,
				C20C2C4A1350B688001E22FB /* loading.h */,
				C20C2C4B1350B688001E22FB /* module.h */,
			);
			name = module;
			path = ../../../../src/hive_viriatum/module;
			sourceTree = "<group>";
		};
		C20C2C4E1350B688001E22FB /* system */ = {
			isa = PBXGroup;
			children = (
				C20C2C4F1350B688001E22FB /* service.c */,
				C20C2C501350B688001E22FB /* service.h */,
				C20C2C511350B688001E22FB /* service_select.c */,
				C20C2C521350B688001E22FB /* service_select.h */,
				C20C2C531350B688001E22FB /* system.h */,
			);
			name = system;
			path = ../../../../src/hive_viriatum/system;
			sourceTree = "<group>";
		};
		C20C2C541350B688001E22FB /* test */ = {
			isa = PBXGroup;
			children = (
				C20C2C551350B688001E22FB /* simple_test.c */,
				C20C2C561350B688001E22FB /* simple_test.h */,
				C20C2C571350B688001E22FB /* test.h */,
			);
			name = test;
			path = ../../../../src/hive_viriatum/test;
			sourceTree = "<group>";
		};
		C20C2C751350B6A9001E22FB /* Products */ = {
			isa = PBXGroup;
			children = (
				C20C2C791350B6AA001E22FB /* libhive_viriatum_commons.a */,
			);
			name = Products;
			sourceTree = "<group>";
		};
		C2F8700F1350BAEC0003A4A5 /* base */ = {
			isa = PBXGroup;
			children = (
				C20C2C581350B688001E22FB /* viriatum.c */,
				C20C2C591350B688001E22FB /* viriatum.h */,
				C20C2C4C1350B688001E22FB /* stdafx.c */,
				C20C2C4D1350B688001E22FB /* stdafx.h */,
			);
			name = base;
			sourceTree = "<group>";
		};
/* End PBXGroup section */

/* Begin PBXNativeTarget section */
		C20C2BBE1350B5D6001E22FB /* hive_viriatum */ = {
			isa = PBXNativeTarget;
			buildConfigurationList = C20C2BC81350B5D7001E22FB /* Build configuration list for PBXNativeTarget "hive_viriatum" */;
			buildPhases = (
				C20C2BBB1350B5D6001E22FB /* Sources */,
				C20C2BBC1350B5D6001E22FB /* Frameworks */,
				C20C2BBD1350B5D6001E22FB /* CopyFiles */,
			);
			buildRules = (
			);
			dependencies = (
			);
			name = hive_viriatum;
			productName = hive_viriatum;
			productReference = C20C2BBF1350B5D7001E22FB /* hive_viriatum */;
			productType = "com.apple.product-type.tool";
		};
/* End PBXNativeTarget section */

/* Begin PBXProject section */
		C20C2BB61350B5D5001E22FB /* Project object */ = {
			isa = PBXProject;
			buildConfigurationList = C20C2BB91350B5D5001E22FB /* Build configuration list for PBXProject "hive_viriatum" */;
			compatibilityVersion = "Xcode 3.2";
			developmentRegion = English;
			hasScannedForEncodings = 0;
			knownRegions = (
				en,
			);
			mainGroup = C20C2BB41350B5D5001E22FB;
			productRefGroup = C20C2BC01350B5D7001E22FB /* Products */;
			projectDirPath = "";
			projectReferences = (
				{
					ProductGroup = C20C2C751350B6A9001E22FB /* Products */;
					ProjectRef = C20C2C741350B6A9001E22FB /* hive_viriatum_commons.xcodeproj */;
				},
			);
			projectRoot = "";
			targets = (
				C20C2BBE1350B5D6001E22FB /* hive_viriatum */,
			);
		};
/* End PBXProject section */

/* Begin PBXReferenceProxy section */
		C20C2C791350B6AA001E22FB /* libhive_viriatum_commons.a */ = {
			isa = PBXReferenceProxy;
			fileType = archive.ar;
			path = libhive_viriatum_commons.a;
			remoteRef = C20C2C781350B6AA001E22FB /* PBXContainerItemProxy */;
			sourceTree = BUILT_PRODUCTS_DIR;
		};
/* End PBXReferenceProxy section */

/* Begin PBXSourcesBuildPhase section */
		C20C2BBB1350B5D6001E22FB /* Sources */ = {
			isa = PBXSourcesBuildPhase;
			buildActionMask = 2147483647;
			files = (
				C20C2C5A1350B688001E22FB /* http_request.c in Sources */,
				C20C2C5B1350B688001E22FB /* file.c in Sources */,
				C20C2C5C1350B688001E22FB /* loading.c in Sources */,
				C20C2C5D1350B688001E22FB /* stdafx.c in Sources */,
				C20C2C5E1350B688001E22FB /* service.c in Sources */,
				C20C2C5F1350B688001E22FB /* service_select.c in Sources */,
				C20C2C601350B688001E22FB /* simple_test.c in Sources */,
				C20C2C611350B688001E22FB /* viriatum.c in Sources */,
			);
			runOnlyForDeploymentPostprocessing = 0;
		};
/* End PBXSourcesBuildPhase section */

/* Begin XCBuildConfiguration section */
		C20C2BC61350B5D7001E22FB /* Debug */ = {
			isa = XCBuildConfiguration;
			buildSettings = {
				ARCHS = "$(ARCHS_STANDARD_32_64_BIT)";
				GCC_C_LANGUAGE_STANDARD = gnu99;
				GCC_OPTIMIZATION_LEVEL = 0;
				GCC_PREPROCESSOR_DEFINITIONS = DEBUG;
				GCC_SYMBOLS_PRIVATE_EXTERN = NO;
				GCC_VERSION = com.apple.compilers.llvm.clang.1_0;
				GCC_WARN_64_TO_32_BIT_CONVERSION = YES;
				GCC_WARN_ABOUT_RETURN_TYPE = YES;
				GCC_WARN_UNUSED_VARIABLE = YES;
				MACOSX_DEPLOYMENT_TARGET = 10.6;
				ONLY_ACTIVE_ARCH = YES;
				SDKROOT = macosx;
			};
			name = Debug;
		};
		C20C2BC71350B5D7001E22FB /* Release */ = {
			isa = XCBuildConfiguration;
			buildSettings = {
				ARCHS = "$(ARCHS_STANDARD_32_64_BIT)";
				GCC_C_LANGUAGE_STANDARD = gnu99;
				GCC_VERSION = com.apple.compilers.llvm.clang.1_0;
				GCC_WARN_64_TO_32_BIT_CONVERSION = YES;
				GCC_WARN_ABOUT_RETURN_TYPE = YES;
				GCC_WARN_UNUSED_VARIABLE = YES;
				MACOSX_DEPLOYMENT_TARGET = 10.6;
				SDKROOT = macosx;
			};
			name = Release;
		};
		C20C2BC91350B5D7001E22FB /* Debug */ = {
			isa = XCBuildConfiguration;
			buildSettings = {
				ALWAYS_SEARCH_USER_PATHS = NO;
				COPY_PHASE_STRIP = NO;
				GCC_DYNAMIC_NO_PIC = NO;
				GCC_ENABLE_OBJC_EXCEPTIONS = YES;
				PRODUCT_NAME = "$(TARGET_NAME)";
			};
			name = Debug;
		};
		C20C2BCA1350B5D7001E22FB /* Release */ = {
			isa = XCBuildConfiguration;
			buildSettings = {
				ALWAYS_SEARCH_USER_PATHS = NO;
				COPY_PHASE_STRIP = YES;
				DEBUG_INFORMATION_FORMAT = "dwarf-with-dsym";
				GCC_ENABLE_OBJC_EXCEPTIONS = YES;
				PRODUCT_NAME = "$(TARGET_NAME)";
			};
			name = Release;
		};
/* End XCBuildConfiguration section */

/* Begin XCConfigurationList section */
		C20C2BB91350B5D5001E22FB /* Build configuration list for PBXProject "hive_viriatum" */ = {
			isa = XCConfigurationList;
			buildConfigurations = (
				C20C2BC61350B5D7001E22FB /* Debug */,
				C20C2BC71350B5D7001E22FB /* Release */,
			);
			defaultConfigurationIsVisible = 0;
			defaultConfigurationName = Release;
		};
		C20C2BC81350B5D7001E22FB /* Build configuration list for PBXNativeTarget "hive_viriatum" */ = {
			isa = XCConfigurationList;
			buildConfigurations = (
				C20C2BC91350B5D7001E22FB /* Debug */,
				C20C2BCA1350B5D7001E22FB /* Release */,
			);
			defaultConfigurationIsVisible = 0;
			defaultConfigurationName = Release;
		};
/* End XCConfigurationList section */
	};
	rootObject = C20C2BB61350B5D5001E22FB /* Project object */;
}
